# This file is automatically @generated by Poetry 1.6.1 and should not be changed by hand.

[[package]]
name = "colorama"
version = "0.4.6"
description = "Cross-platform colored terminal text."
optional = false
python-versions = "!=3.0.*,!=3.1.*,!=3.2.*,!=3.3.*,!=3.4.*,!=3.5.*,!=3.6.*,>=2.7"
files = [
    {file = "colorama-0.4.6-py2.py3-none-any.whl", hash = "sha256:4f1d9991f5acc0ca119f9d443620b77f9d6b33703e51011c16baf57afb285fc6"},
    {file = "colorama-0.4.6.tar.gz", hash = "sha256:08695f5cb7ed6e0531a20572697297273c47b8cae5a63ffc6d6ed5c201be6e44"},
]

[[package]]
name = "coverage"
version = "7.3.2"
description = "Code coverage measurement for Python"
optional = false
python-versions = ">=3.8"
files = [
    {file = "coverage-7.3.2-cp310-cp310-macosx_10_9_x86_64.whl", hash = "sha256:d872145f3a3231a5f20fd48500274d7df222e291d90baa2026cc5152b7ce86bf"},
    {file = "coverage-7.3.2-cp310-cp310-macosx_11_0_arm64.whl", hash = "sha256:310b3bb9c91ea66d59c53fa4989f57d2436e08f18fb2f421a1b0b6b8cc7fffda"},
    {file = "coverage-7.3.2-cp310-cp310-manylinux_2_17_aarch64.manylinux2014_aarch64.whl", hash = "sha256:f47d39359e2c3779c5331fc740cf4bce6d9d680a7b4b4ead97056a0ae07cb49a"},
    {file = "coverage-7.3.2-cp310-cp310-manylinux_2_5_i686.manylinux1_i686.manylinux_2_17_i686.manylinux2014_i686.whl", hash = "sha256:aa72dbaf2c2068404b9870d93436e6d23addd8bbe9295f49cbca83f6e278179c"},
    {file = "coverage-7.3.2-cp310-cp310-manylinux_2_5_x86_64.manylinux1_x86_64.manylinux_2_17_x86_64.manylinux2014_x86_64.whl", hash = "sha256:beaa5c1b4777f03fc63dfd2a6bd820f73f036bfb10e925fce067b00a340d0f3f"},
    {file = "coverage-7.3.2-cp310-cp310-musllinux_1_1_aarch64.whl", hash = "sha256:dbc1b46b92186cc8074fee9d9fbb97a9dd06c6cbbef391c2f59d80eabdf0faa6"},
    {file = "coverage-7.3.2-cp310-cp310-musllinux_1_1_i686.whl", hash = "sha256:315a989e861031334d7bee1f9113c8770472db2ac484e5b8c3173428360a9148"},
    {file = "coverage-7.3.2-cp310-cp310-musllinux_1_1_x86_64.whl", hash = "sha256:d1bc430677773397f64a5c88cb522ea43175ff16f8bfcc89d467d974cb2274f9"},
    {file = "coverage-7.3.2-cp310-cp310-win32.whl", hash = "sha256:a889ae02f43aa45032afe364c8ae84ad3c54828c2faa44f3bfcafecb5c96b02f"},
    {file = "coverage-7.3.2-cp310-cp310-win_amd64.whl", hash = "sha256:c0ba320de3fb8c6ec16e0be17ee1d3d69adcda99406c43c0409cb5c41788a611"},
    {file = "coverage-7.3.2-cp311-cp311-macosx_10_9_x86_64.whl", hash = "sha256:ac8c802fa29843a72d32ec56d0ca792ad15a302b28ca6203389afe21f8fa062c"},
    {file = "coverage-7.3.2-cp311-cp311-macosx_11_0_arm64.whl", hash = "sha256:89a937174104339e3a3ffcf9f446c00e3a806c28b1841c63edb2b369310fd074"},
    {file = "coverage-7.3.2-cp311-cp311-manylinux_2_17_aarch64.manylinux2014_aarch64.whl", hash = "sha256:e267e9e2b574a176ddb983399dec325a80dbe161f1a32715c780b5d14b5f583a"},
    {file = "coverage-7.3.2-cp311-cp311-manylinux_2_5_i686.manylinux1_i686.manylinux_2_17_i686.manylinux2014_i686.whl", hash = "sha256:2443cbda35df0d35dcfb9bf8f3c02c57c1d6111169e3c85fc1fcc05e0c9f39a3"},
    {file = "coverage-7.3.2-cp311-cp311-manylinux_2_5_x86_64.manylinux1_x86_64.manylinux_2_17_x86_64.manylinux2014_x86_64.whl", hash = "sha256:4175e10cc8dda0265653e8714b3174430b07c1dca8957f4966cbd6c2b1b8065a"},
    {file = "coverage-7.3.2-cp311-cp311-musllinux_1_1_aarch64.whl", hash = "sha256:0cbf38419fb1a347aaf63481c00f0bdc86889d9fbf3f25109cf96c26b403fda1"},
    {file = "coverage-7.3.2-cp311-cp311-musllinux_1_1_i686.whl", hash = "sha256:5c913b556a116b8d5f6ef834038ba983834d887d82187c8f73dec21049abd65c"},
    {file = "coverage-7.3.2-cp311-cp311-musllinux_1_1_x86_64.whl", hash = "sha256:1981f785239e4e39e6444c63a98da3a1db8e971cb9ceb50a945ba6296b43f312"},
    {file = "coverage-7.3.2-cp311-cp311-win32.whl", hash = "sha256:43668cabd5ca8258f5954f27a3aaf78757e6acf13c17604d89648ecc0cc66640"},
    {file = "coverage-7.3.2-cp311-cp311-win_amd64.whl", hash = "sha256:e10c39c0452bf6e694511c901426d6b5ac005acc0f78ff265dbe36bf81f808a2"},
    {file = "coverage-7.3.2-cp312-cp312-macosx_10_9_x86_64.whl", hash = "sha256:4cbae1051ab791debecc4a5dcc4a1ff45fc27b91b9aee165c8a27514dd160836"},
    {file = "coverage-7.3.2-cp312-cp312-macosx_11_0_arm64.whl", hash = "sha256:12d15ab5833a997716d76f2ac1e4b4d536814fc213c85ca72756c19e5a6b3d63"},
    {file = "coverage-7.3.2-cp312-cp312-manylinux_2_17_aarch64.manylinux2014_aarch64.whl", hash = "sha256:3c7bba973ebee5e56fe9251300c00f1579652587a9f4a5ed8404b15a0471f216"},
    {file = "coverage-7.3.2-cp312-cp312-manylinux_2_5_i686.manylinux1_i686.manylinux_2_17_i686.manylinux2014_i686.whl", hash = "sha256:fe494faa90ce6381770746077243231e0b83ff3f17069d748f645617cefe19d4"},
    {file = "coverage-7.3.2-cp312-cp312-manylinux_2_5_x86_64.manylinux1_x86_64.manylinux_2_17_x86_64.manylinux2014_x86_64.whl", hash = "sha256:f6e9589bd04d0461a417562649522575d8752904d35c12907d8c9dfeba588faf"},
    {file = "coverage-7.3.2-cp312-cp312-musllinux_1_1_aarch64.whl", hash = "sha256:d51ac2a26f71da1b57f2dc81d0e108b6ab177e7d30e774db90675467c847bbdf"},
    {file = "coverage-7.3.2-cp312-cp312-musllinux_1_1_i686.whl", hash = "sha256:99b89d9f76070237975b315b3d5f4d6956ae354a4c92ac2388a5695516e47c84"},
    {file = "coverage-7.3.2-cp312-cp312-musllinux_1_1_x86_64.whl", hash = "sha256:fa28e909776dc69efb6ed975a63691bc8172b64ff357e663a1bb06ff3c9b589a"},
    {file = "coverage-7.3.2-cp312-cp312-win32.whl", hash = "sha256:289fe43bf45a575e3ab10b26d7b6f2ddb9ee2dba447499f5401cfb5ecb8196bb"},
    {file = "coverage-7.3.2-cp312-cp312-win_amd64.whl", hash = "sha256:7dbc3ed60e8659bc59b6b304b43ff9c3ed858da2839c78b804973f613d3e92ed"},
    {file = "coverage-7.3.2-cp38-cp38-macosx_10_9_x86_64.whl", hash = "sha256:f94b734214ea6a36fe16e96a70d941af80ff3bfd716c141300d95ebc85339738"},
    {file = "coverage-7.3.2-cp38-cp38-macosx_11_0_arm64.whl", hash = "sha256:af3d828d2c1cbae52d34bdbb22fcd94d1ce715d95f1a012354a75e5913f1bda2"},
    {file = "coverage-7.3.2-cp38-cp38-manylinux_2_17_aarch64.manylinux2014_aarch64.whl", hash = "sha256:630b13e3036e13c7adc480ca42fa7afc2a5d938081d28e20903cf7fd687872e2"},
    {file = "coverage-7.3.2-cp38-cp38-manylinux_2_5_i686.manylinux1_i686.manylinux_2_17_i686.manylinux2014_i686.whl", hash = "sha256:c9eacf273e885b02a0273bb3a2170f30e2d53a6d53b72dbe02d6701b5296101c"},
    {file = "coverage-7.3.2-cp38-cp38-manylinux_2_5_x86_64.manylinux1_x86_64.manylinux_2_17_x86_64.manylinux2014_x86_64.whl", hash = "sha256:d8f17966e861ff97305e0801134e69db33b143bbfb36436efb9cfff6ec7b2fd9"},
    {file = "coverage-7.3.2-cp38-cp38-musllinux_1_1_aarch64.whl", hash = "sha256:b4275802d16882cf9c8b3d057a0839acb07ee9379fa2749eca54efbce1535b82"},
    {file = "coverage-7.3.2-cp38-cp38-musllinux_1_1_i686.whl", hash = "sha256:72c0cfa5250f483181e677ebc97133ea1ab3eb68645e494775deb6a7f6f83901"},
    {file = "coverage-7.3.2-cp38-cp38-musllinux_1_1_x86_64.whl", hash = "sha256:cb536f0dcd14149425996821a168f6e269d7dcd2c273a8bff8201e79f5104e76"},
    {file = "coverage-7.3.2-cp38-cp38-win32.whl", hash = "sha256:307adb8bd3abe389a471e649038a71b4eb13bfd6b7dd9a129fa856f5c695cf92"},
    {file = "coverage-7.3.2-cp38-cp38-win_amd64.whl", hash = "sha256:88ed2c30a49ea81ea3b7f172e0269c182a44c236eb394718f976239892c0a27a"},
    {file = "coverage-7.3.2-cp39-cp39-macosx_10_9_x86_64.whl", hash = "sha256:b631c92dfe601adf8f5ebc7fc13ced6bb6e9609b19d9a8cd59fa47c4186ad1ce"},
    {file = "coverage-7.3.2-cp39-cp39-macosx_11_0_arm64.whl", hash = "sha256:d3d9df4051c4a7d13036524b66ecf7a7537d14c18a384043f30a303b146164e9"},
    {file = "coverage-7.3.2-cp39-cp39-manylinux_2_17_aarch64.manylinux2014_aarch64.whl", hash = "sha256:5f7363d3b6a1119ef05015959ca24a9afc0ea8a02c687fe7e2d557705375c01f"},
    {file = "coverage-7.3.2-cp39-cp39-manylinux_2_5_i686.manylinux1_i686.manylinux_2_17_i686.manylinux2014_i686.whl", hash = "sha256:2f11cc3c967a09d3695d2a6f03fb3e6236622b93be7a4b5dc09166a861be6d25"},
    {file = "coverage-7.3.2-cp39-cp39-manylinux_2_5_x86_64.manylinux1_x86_64.manylinux_2_17_x86_64.manylinux2014_x86_64.whl", hash = "sha256:149de1d2401ae4655c436a3dced6dd153f4c3309f599c3d4bd97ab172eaf02d9"},
    {file = "coverage-7.3.2-cp39-cp39-musllinux_1_1_aarch64.whl", hash = "sha256:3a4006916aa6fee7cd38db3bfc95aa9c54ebb4ffbfc47c677c8bba949ceba0a6"},
    {file = "coverage-7.3.2-cp39-cp39-musllinux_1_1_i686.whl", hash = "sha256:9028a3871280110d6e1aa2df1afd5ef003bab5fb1ef421d6dc748ae1c8ef2ebc"},
    {file = "coverage-7.3.2-cp39-cp39-musllinux_1_1_x86_64.whl", hash = "sha256:9f805d62aec8eb92bab5b61c0f07329275b6f41c97d80e847b03eb894f38d083"},
    {file = "coverage-7.3.2-cp39-cp39-win32.whl", hash = "sha256:d1c88ec1a7ff4ebca0219f5b1ef863451d828cccf889c173e1253aa84b1e07ce"},
    {file = "coverage-7.3.2-cp39-cp39-win_amd64.whl", hash = "sha256:b4767da59464bb593c07afceaddea61b154136300881844768037fd5e859353f"},
    {file = "coverage-7.3.2-pp38.pp39.pp310-none-any.whl", hash = "sha256:ae97af89f0fbf373400970c0a21eef5aa941ffeed90aee43650b81f7d7f47637"},
    {file = "coverage-7.3.2.tar.gz", hash = "sha256:be32ad29341b0170e795ca590e1c07e81fc061cb5b10c74ce7203491484404ef"},
]

[package.extras]
toml = ["tomli"]

[[package]]
name = "iniconfig"
version = "2.0.0"
description = "brain-dead simple config-ini parsing"
optional = false
python-versions = ">=3.7"
files = [
    {file = "iniconfig-2.0.0-py3-none-any.whl", hash = "sha256:b6a85871a79d2e3b22d2d1b94ac2824226a63c6b741c88f7ae975f18b6778374"},
    {file = "iniconfig-2.0.0.tar.gz", hash = "sha256:2d91e135bf72d31a410b17c16da610a82cb55f6b0477d1a902134b24a455b8b3"},
]

[[package]]
name = "packaging"
version = "23.2"
description = "Core utilities for Python packages"
optional = false
python-versions = ">=3.7"
files = [
    {file = "packaging-23.2-py3-none-any.whl", hash = "sha256:8c491190033a9af7e1d931d0b5dacc2ef47509b34dd0de67ed209b5203fc88c7"},
    {file = "packaging-23.2.tar.gz", hash = "sha256:048fb0e9405036518eaaf48a55953c750c11e1a1b68e0dd1a9d62ed0c092cfc5"},
]

[[package]]
name = "pluggy"
version = "1.3.0"
description = "plugin and hook calling mechanisms for python"
optional = false
python-versions = ">=3.8"
files = [
    {file = "pluggy-1.3.0-py3-none-any.whl", hash = "sha256:d89c696a773f8bd377d18e5ecda92b7a3793cbe66c87060a6fb58c7b6e1061f7"},
    {file = "pluggy-1.3.0.tar.gz", hash = "sha256:cf61ae8f126ac6f7c451172cf30e3e43d3ca77615509771b3a984a0730651e12"},
]

[package.extras]
dev = ["pre-commit", "tox"]
testing = ["pytest", "pytest-benchmark"]

[[package]]
name = "pycodestyle"
version = "2.11.1"
description = "Python style guide checker"
optional = false
python-versions = ">=3.8"
files = [
    {file = "pycodestyle-2.11.1-py2.py3-none-any.whl", hash = "sha256:44fe31000b2d866f2e41841b18528a505fbd7fef9017b04eff4e2648a0fadc67"},
    {file = "pycodestyle-2.11.1.tar.gz", hash = "sha256:41ba0e7afc9752dfb53ced5489e89f8186be00e599e712660695b7a75ff2663f"},
]

[[package]]
name = "pytest"
version = "7.4.2"
description = "pytest: simple powerful testing with Python"
optional = false
python-versions = ">=3.7"
files = [
    {file = "pytest-7.4.2-py3-none-any.whl", hash = "sha256:1d881c6124e08ff0a1bb75ba3ec0bfd8b5354a01c194ddd5a0a870a48d99b002"},
    {file = "pytest-7.4.2.tar.gz", hash = "sha256:a766259cfab564a2ad52cb1aae1b881a75c3eb7e34ca3779697c23ed47c47069"},
]

[package.dependencies]
colorama = {version = "*", markers = "sys_platform == \"win32\""}
iniconfig = "*"
packaging = "*"
pluggy = ">=0.12,<2.0"

[package.extras]
testing = ["argcomplete", "attrs (>=19.2.0)", "hypothesis (>=3.56)", "mock", "nose", "pygments (>=2.7.2)", "requests", "setuptools", "xmlschema"]

[[package]]
name = "pytest-cov"
version = "4.1.0"
description = "Pytest plugin for measuring coverage."
optional = false
python-versions = ">=3.7"
files = [
    {file = "pytest-cov-4.1.0.tar.gz", hash = "sha256:3904b13dfbfec47f003b8e77fd5b589cd11904a21ddf1ab38a64f204d6a10ef6"},
    {file = "pytest_cov-4.1.0-py3-none-any.whl", hash = "sha256:6ba70b9e97e69fcc3fb45bfeab2d0a138fb65c4d0d6a41ef33983ad114be8c3a"},
]

[package.dependencies]
coverage = {version = ">=5.2.1", extras = ["toml"]}
pytest = ">=4.6"

[package.extras]
testing = ["fields", "hunter", "process-tests", "pytest-xdist", "six", "virtualenv"]

[[package]]
name = "pyyaml"
version = "6.0.1"
description = "YAML parser and emitter for Python"
optional = false
python-versions = ">=3.6"
files = [
    {file = "PyYAML-6.0.1-cp310-cp310-macosx_10_9_x86_64.whl", hash = "sha256:d858aa552c999bc8a8d57426ed01e40bef403cd8ccdd0fc5f6f04a00414cac2a"},
    {file = "PyYAML-6.0.1-cp310-cp310-macosx_11_0_arm64.whl", hash = "sha256:fd66fc5d0da6d9815ba2cebeb4205f95818ff4b79c3ebe268e75d961704af52f"},
    {file = "PyYAML-6.0.1-cp310-cp310-manylinux_2_17_aarch64.manylinux2014_aarch64.whl", hash = "sha256:69b023b2b4daa7548bcfbd4aa3da05b3a74b772db9e23b982788168117739938"},
    {file = "PyYAML-6.0.1-cp310-cp310-manylinux_2_17_s390x.manylinux2014_s390x.whl", hash = "sha256:81e0b275a9ecc9c0c0c07b4b90ba548307583c125f54d5b6946cfee6360c733d"},
    {file = "PyYAML-6.0.1-cp310-cp310-manylinux_2_17_x86_64.manylinux2014_x86_64.whl", hash = "sha256:ba336e390cd8e4d1739f42dfe9bb83a3cc2e80f567d8805e11b46f4a943f5515"},
    {file = "PyYAML-6.0.1-cp310-cp310-win32.whl", hash = "sha256:bd4af7373a854424dabd882decdc5579653d7868b8fb26dc7d0e99f823aa5924"},
    {file = "PyYAML-6.0.1-cp310-cp310-win_amd64.whl", hash = "sha256:fd1592b3fdf65fff2ad0004b5e363300ef59ced41c2e6b3a99d4089fa8c5435d"},
    {file = "PyYAML-6.0.1-cp311-cp311-macosx_10_9_x86_64.whl", hash = "sha256:6965a7bc3cf88e5a1c3bd2e0b5c22f8d677dc88a455344035f03399034eb3007"},
    {file = "PyYAML-6.0.1-cp311-cp311-macosx_11_0_arm64.whl", hash = "sha256:f003ed9ad21d6a4713f0a9b5a7a0a79e08dd0f221aff4525a2be4c346ee60aab"},
    {file = "PyYAML-6.0.1-cp311-cp311-manylinux_2_17_aarch64.manylinux2014_aarch64.whl", hash = "sha256:42f8152b8dbc4fe7d96729ec2b99c7097d656dc1213a3229ca5383f973a5ed6d"},
    {file = "PyYAML-6.0.1-cp311-cp311-manylinux_2_17_s390x.manylinux2014_s390x.whl", hash = "sha256:062582fca9fabdd2c8b54a3ef1c978d786e0f6b3a1510e0ac93ef59e0ddae2bc"},
    {file = "PyYAML-6.0.1-cp311-cp311-manylinux_2_17_x86_64.manylinux2014_x86_64.whl", hash = "sha256:d2b04aac4d386b172d5b9692e2d2da8de7bfb6c387fa4f801fbf6fb2e6ba4673"},
    {file = "PyYAML-6.0.1-cp311-cp311-win32.whl", hash = "sha256:1635fd110e8d85d55237ab316b5b011de701ea0f29d07611174a1b42f1444741"},
    {file = "PyYAML-6.0.1-cp311-cp311-win_amd64.whl", hash = "sha256:bf07ee2fef7014951eeb99f56f39c9bb4af143d8aa3c21b1677805985307da34"},
    {file = "PyYAML-6.0.1-cp36-cp36m-macosx_10_9_x86_64.whl", hash = "sha256:50550eb667afee136e9a77d6dc71ae76a44df8b3e51e41b77f6de2932bfe0f47"},
    {file = "PyYAML-6.0.1-cp36-cp36m-manylinux_2_17_aarch64.manylinux2014_aarch64.whl", hash = "sha256:1fe35611261b29bd1de0070f0b2f47cb6ff71fa6595c077e42bd0c419fa27b98"},
    {file = "PyYAML-6.0.1-cp36-cp36m-manylinux_2_17_s390x.manylinux2014_s390x.whl", hash = "sha256:704219a11b772aea0d8ecd7058d0082713c3562b4e271b849ad7dc4a5c90c13c"},
    {file = "PyYAML-6.0.1-cp36-cp36m-manylinux_2_17_x86_64.manylinux2014_x86_64.whl", hash = "sha256:afd7e57eddb1a54f0f1a974bc4391af8bcce0b444685d936840f125cf046d5bd"},
    {file = "PyYAML-6.0.1-cp36-cp36m-win32.whl", hash = "sha256:fca0e3a251908a499833aa292323f32437106001d436eca0e6e7833256674585"},
    {file = "PyYAML-6.0.1-cp36-cp36m-win_amd64.whl", hash = "sha256:f22ac1c3cac4dbc50079e965eba2c1058622631e526bd9afd45fedd49ba781fa"},
    {file = "PyYAML-6.0.1-cp37-cp37m-macosx_10_9_x86_64.whl", hash = "sha256:b1275ad35a5d18c62a7220633c913e1b42d44b46ee12554e5fd39c70a243d6a3"},
    {file = "PyYAML-6.0.1-cp37-cp37m-manylinux_2_17_aarch64.manylinux2014_aarch64.whl", hash = "sha256:18aeb1bf9a78867dc38b259769503436b7c72f7a1f1f4c93ff9a17de54319b27"},
    {file = "PyYAML-6.0.1-cp37-cp37m-manylinux_2_17_s390x.manylinux2014_s390x.whl", hash = "sha256:596106435fa6ad000c2991a98fa58eeb8656ef2325d7e158344fb33864ed87e3"},
    {file = "PyYAML-6.0.1-cp37-cp37m-manylinux_2_17_x86_64.manylinux2014_x86_64.whl", hash = "sha256:baa90d3f661d43131ca170712d903e6295d1f7a0f595074f151c0aed377c9b9c"},
    {file = "PyYAML-6.0.1-cp37-cp37m-win32.whl", hash = "sha256:9046c58c4395dff28dd494285c82ba00b546adfc7ef001486fbf0324bc174fba"},
    {file = "PyYAML-6.0.1-cp37-cp37m-win_amd64.whl", hash = "sha256:4fb147e7a67ef577a588a0e2c17b6db51dda102c71de36f8549b6816a96e1867"},
    {file = "PyYAML-6.0.1-cp38-cp38-macosx_10_9_x86_64.whl", hash = "sha256:1d4c7e777c441b20e32f52bd377e0c409713e8bb1386e1099c2415f26e479595"},
    {file = "PyYAML-6.0.1-cp38-cp38-manylinux_2_17_aarch64.manylinux2014_aarch64.whl", hash = "sha256:a0cd17c15d3bb3fa06978b4e8958dcdc6e0174ccea823003a106c7d4d7899ac5"},
    {file = "PyYAML-6.0.1-cp38-cp38-manylinux_2_17_s390x.manylinux2014_s390x.whl", hash = "sha256:28c119d996beec18c05208a8bd78cbe4007878c6dd15091efb73a30e90539696"},
    {file = "PyYAML-6.0.1-cp38-cp38-manylinux_2_17_x86_64.manylinux2014_x86_64.whl", hash = "sha256:7e07cbde391ba96ab58e532ff4803f79c4129397514e1413a7dc761ccd755735"},
    {file = "PyYAML-6.0.1-cp38-cp38-win32.whl", hash = "sha256:184c5108a2aca3c5b3d3bf9395d50893a7ab82a38004c8f61c258d4428e80206"},
    {file = "PyYAML-6.0.1-cp38-cp38-win_amd64.whl", hash = "sha256:1e2722cc9fbb45d9b87631ac70924c11d3a401b2d7f410cc0e3bbf249f2dca62"},
    {file = "PyYAML-6.0.1-cp39-cp39-macosx_10_9_x86_64.whl", hash = "sha256:9eb6caa9a297fc2c2fb8862bc5370d0303ddba53ba97e71f08023b6cd73d16a8"},
    {file = "PyYAML-6.0.1-cp39-cp39-macosx_11_0_arm64.whl", hash = "sha256:c8098ddcc2a85b61647b2590f825f3db38891662cfc2fc776415143f599bb859"},
    {file = "PyYAML-6.0.1-cp39-cp39-manylinux_2_17_aarch64.manylinux2014_aarch64.whl", hash = "sha256:5773183b6446b2c99bb77e77595dd486303b4faab2b086e7b17bc6bef28865f6"},
    {file = "PyYAML-6.0.1-cp39-cp39-manylinux_2_17_s390x.manylinux2014_s390x.whl", hash = "sha256:b786eecbdf8499b9ca1d697215862083bd6d2a99965554781d0d8d1ad31e13a0"},
    {file = "PyYAML-6.0.1-cp39-cp39-manylinux_2_17_x86_64.manylinux2014_x86_64.whl", hash = "sha256:bc1bf2925a1ecd43da378f4db9e4f799775d6367bdb94671027b73b393a7c42c"},
    {file = "PyYAML-6.0.1-cp39-cp39-win32.whl", hash = "sha256:faca3bdcf85b2fc05d06ff3fbc1f83e1391b3e724afa3feba7d13eeab355484c"},
    {file = "PyYAML-6.0.1-cp39-cp39-win_amd64.whl", hash = "sha256:510c9deebc5c0225e8c96813043e62b680ba2f9c50a08d3724c7f28a747d1486"},
    {file = "PyYAML-6.0.1.tar.gz", hash = "sha256:bfdf460b1736c775f2ba9f6a92bca30bc2095067b8a9d77876d1fad6cc3b4a43"},
]

[[package]]
name = "ruff"
version = "0.0.292"
description = "An extremely fast Python linter, written in Rust."
optional = false
python-versions = ">=3.7"
files = [
    {file = "ruff-0.0.292-py3-none-macosx_10_7_x86_64.whl", hash = "sha256:02f29db018c9d474270c704e6c6b13b18ed0ecac82761e4fcf0faa3728430c96"},
    {file = "ruff-0.0.292-py3-none-macosx_10_9_x86_64.macosx_11_0_arm64.macosx_10_9_universal2.whl", hash = "sha256:69654e564342f507edfa09ee6897883ca76e331d4bbc3676d8a8403838e9fade"},
    {file = "ruff-0.0.292-py3-none-manylinux_2_17_aarch64.manylinux2014_aarch64.whl", hash = "sha256:6c3c91859a9b845c33778f11902e7b26440d64b9d5110edd4e4fa1726c41e0a4"},
    {file = "ruff-0.0.292-py3-none-manylinux_2_17_armv7l.manylinux2014_armv7l.whl", hash = "sha256:f4476f1243af2d8c29da5f235c13dca52177117935e1f9393f9d90f9833f69e4"},
    {file = "ruff-0.0.292-py3-none-manylinux_2_17_i686.manylinux2014_i686.whl", hash = "sha256:be8eb50eaf8648070b8e58ece8e69c9322d34afe367eec4210fdee9a555e4ca7"},
    {file = "ruff-0.0.292-py3-none-manylinux_2_17_ppc64.manylinux2014_ppc64.whl", hash = "sha256:9889bac18a0c07018aac75ef6c1e6511d8411724d67cb879103b01758e110a81"},
    {file = "ruff-0.0.292-py3-none-manylinux_2_17_ppc64le.manylinux2014_ppc64le.whl", hash = "sha256:6bdfabd4334684a4418b99b3118793f2c13bb67bf1540a769d7816410402a205"},
    {file = "ruff-0.0.292-py3-none-manylinux_2_17_s390x.manylinux2014_s390x.whl", hash = "sha256:aa7c77c53bfcd75dbcd4d1f42d6cabf2485d2e1ee0678da850f08e1ab13081a8"},
    {file = "ruff-0.0.292-py3-none-manylinux_2_17_x86_64.manylinux2014_x86_64.whl", hash = "sha256:8e087b24d0d849c5c81516ec740bf4fd48bf363cfb104545464e0fca749b6af9"},
    {file = "ruff-0.0.292-py3-none-musllinux_1_2_aarch64.whl", hash = "sha256:f160b5ec26be32362d0774964e218f3fcf0a7da299f7e220ef45ae9e3e67101a"},
    {file = "ruff-0.0.292-py3-none-musllinux_1_2_armv7l.whl", hash = "sha256:ac153eee6dd4444501c4bb92bff866491d4bfb01ce26dd2fff7ca472c8df9ad0"},
    {file = "ruff-0.0.292-py3-none-musllinux_1_2_i686.whl", hash = "sha256:87616771e72820800b8faea82edd858324b29bb99a920d6aa3d3949dd3f88fb0"},
    {file = "ruff-0.0.292-py3-none-musllinux_1_2_x86_64.whl", hash = "sha256:b76deb3bdbea2ef97db286cf953488745dd6424c122d275f05836c53f62d4016"},
    {file = "ruff-0.0.292-py3-none-win32.whl", hash = "sha256:e854b05408f7a8033a027e4b1c7f9889563dd2aca545d13d06711e5c39c3d003"},
    {file = "ruff-0.0.292-py3-none-win_amd64.whl", hash = "sha256:f27282bedfd04d4c3492e5c3398360c9d86a295be00eccc63914438b4ac8a83c"},
    {file = "ruff-0.0.292-py3-none-win_arm64.whl", hash = "sha256:7f67a69c8f12fbc8daf6ae6d36705037bde315abf8b82b6e1f4c9e74eb750f68"},
    {file = "ruff-0.0.292.tar.gz", hash = "sha256:1093449e37dd1e9b813798f6ad70932b57cf614e5c2b5c51005bf67d55db33ac"},
]

[[package]]
name = "tree-sitter"
version = "0.20.2"
description = "Python bindings for the Tree-Sitter parsing library"
optional = false
python-versions = ">=3.3"
files = [
    {file = "tree_sitter-0.20.2-cp310-cp310-macosx_10_9_x86_64.whl", hash = "sha256:1a151ccf9233b0b84850422654247f68a4d78f548425c76520402ea6fb6cdb24"},
    {file = "tree_sitter-0.20.2-cp310-cp310-macosx_11_0_arm64.whl", hash = "sha256:52ca2738c3c4c660c83054ac3e44a49cbecb9f89dc26bb8e154d6ca288aa06b0"},
    {file = "tree_sitter-0.20.2-cp310-cp310-manylinux_2_17_i686.manylinux2014_i686.whl", hash = "sha256:a8d51478ea078da7cc6f626e9e36f131bbc5fac036cf38ea4b5b81632cbac37d"},
    {file = "tree_sitter-0.20.2-cp310-cp310-manylinux_2_17_x86_64.manylinux2014_x86_64.whl", hash = "sha256:d0b2b59e1633efbf19cd2ed1ceb8d51b2c44a278153b1113998c70bc1570b750"},
    {file = "tree_sitter-0.20.2-cp310-cp310-musllinux_1_1_i686.whl", hash = "sha256:7f691c57d2a65d6e53e2f3574153c9cd0c157ff938b8d6f252edd5e619811403"},
    {file = "tree_sitter-0.20.2-cp310-cp310-musllinux_1_1_x86_64.whl", hash = "sha256:ba72a363387eebaff9a0b788f864fe47da425136cbd4cac6cd125051f043c296"},
    {file = "tree_sitter-0.20.2-cp310-cp310-win32.whl", hash = "sha256:55e33eb206446d5046d3b5fe36ab300840f5a8a844246adb0ccc68c55c30b722"},
    {file = "tree_sitter-0.20.2-cp310-cp310-win_amd64.whl", hash = "sha256:24ce9d14daba0a71a778417d9d61dd4038ca96981ddec19e1e8990881469321c"},
    {file = "tree_sitter-0.20.2-cp311-cp311-macosx_10_9_x86_64.whl", hash = "sha256:942dbfb8bc380f09b0e323d3884de07d19022930516f33b7503a6eb5f6e18979"},
    {file = "tree_sitter-0.20.2-cp311-cp311-macosx_11_0_arm64.whl", hash = "sha256:ee5651c11924d426f8d6858a40fd5090ae31574f81ef180bef2055282f43bf62"},
    {file = "tree_sitter-0.20.2-cp311-cp311-manylinux_2_17_i686.manylinux2014_i686.whl", hash = "sha256:8fb6982b480031628dad7f229c4c8d90b17d4c281ba97848d3b100666d7fa45f"},
    {file = "tree_sitter-0.20.2-cp311-cp311-manylinux_2_17_x86_64.manylinux2014_x86_64.whl", hash = "sha256:067609c6c7cb6e5a6c4be50076a380fe52b6e8f0641ee9d0da33b24a5b972e82"},
    {file = "tree_sitter-0.20.2-cp311-cp311-musllinux_1_1_i686.whl", hash = "sha256:849d7e6b66fe7ded08a633943b30e0ed807eee76104288e6c6841433f4a9651b"},
    {file = "tree_sitter-0.20.2-cp311-cp311-musllinux_1_1_x86_64.whl", hash = "sha256:e85689573797e49f86e2d7cf48b9dd23bc044c477df074a78546e666d6990a29"},
    {file = "tree_sitter-0.20.2-cp311-cp311-win32.whl", hash = "sha256:098906148e44ea391a91b019d584dd8d0ea1437af62a9744e280e93163fd35ca"},
    {file = "tree_sitter-0.20.2-cp311-cp311-win_amd64.whl", hash = "sha256:2753a87094b72fe7f02276b3948155618f53aa14e1ca20588f0eeed510f68512"},
    {file = "tree_sitter-0.20.2-cp36-cp36m-macosx_10_9_x86_64.whl", hash = "sha256:5de192cb9e7b1c882d45418decb7899f1547f7056df756bcae186bbf4966d96e"},
    {file = "tree_sitter-0.20.2-cp36-cp36m-manylinux_2_17_i686.manylinux2014_i686.whl", hash = "sha256:f3a77e663293a73a97edbf2a2e05001de08933eb5d311a16bdc25b9b2fac54f3"},
    {file = "tree_sitter-0.20.2-cp36-cp36m-manylinux_2_17_x86_64.manylinux2014_x86_64.whl", hash = "sha256:415da4a70c56a003758537517fe9e60b8b0c5f70becde54cc8b8f3ba810adc70"},
    {file = "tree_sitter-0.20.2-cp36-cp36m-musllinux_1_1_i686.whl", hash = "sha256:707fb4d7a6123b8f9f2b005d61194077c3168c0372556e7418802280eddd4892"},
    {file = "tree_sitter-0.20.2-cp36-cp36m-musllinux_1_1_x86_64.whl", hash = "sha256:75fcbfb0a61ad64e7f787eb3f8fbf29b8e2b858dc011897ad039d838a06cee02"},
    {file = "tree_sitter-0.20.2-cp36-cp36m-win32.whl", hash = "sha256:622926530895d939fa6e1e2487e71a311c71d3b09f4c4f19301695ea866304a4"},
    {file = "tree_sitter-0.20.2-cp36-cp36m-win_amd64.whl", hash = "sha256:5c0712f031271d9bc462f1db7623d23703ed9fbcbaa6dc19ba535f58d6110774"},
    {file = "tree_sitter-0.20.2-cp37-cp37m-macosx_10_9_x86_64.whl", hash = "sha256:2dfdf680ecf5619447243c4c20e4040a7b5e7afca4e1569f03c814e86bfda248"},
    {file = "tree_sitter-0.20.2-cp37-cp37m-manylinux_2_17_i686.manylinux2014_i686.whl", hash = "sha256:79650ee23a15559b69542c71ed9eb3297dce21932a7c5c148be384dd0f2cd49d"},
    {file = "tree_sitter-0.20.2-cp37-cp37m-manylinux_2_17_x86_64.manylinux2014_x86_64.whl", hash = "sha256:d63059746b4b2f2f87dd19c208141c69452694aae32459b7a4ebca8539d13bf4"},
    {file = "tree_sitter-0.20.2-cp37-cp37m-musllinux_1_1_i686.whl", hash = "sha256:9398d1e214d4915032cf68a678de7eb803f64d25ef04724d70b88db7bb7746e9"},
    {file = "tree_sitter-0.20.2-cp37-cp37m-musllinux_1_1_x86_64.whl", hash = "sha256:b506fb2e2bd7a5a1603c644bbb90401fe488f86bbca39706addaa8d2bfc80815"},
    {file = "tree_sitter-0.20.2-cp37-cp37m-win32.whl", hash = "sha256:405e83804ba60ca1c3dbd258adbe0d7b0f1bdce948e5eec5587a2ebedcf930ba"},
    {file = "tree_sitter-0.20.2-cp37-cp37m-win_amd64.whl", hash = "sha256:a1e66d211c04144484e223922ac094a2367476e6f57000f986c5560dc5a83c6e"},
    {file = "tree_sitter-0.20.2-cp38-cp38-macosx_10_9_x86_64.whl", hash = "sha256:f8adc325c74c042204ed47d095e0ec86f83de3c7ec4979645f86b58514f60297"},
    {file = "tree_sitter-0.20.2-cp38-cp38-macosx_11_0_arm64.whl", hash = "sha256:beb49c861e1d111e0df119ecbfaa409e6413b8d91e8f56bcdb15f07fbc35594e"},
    {file = "tree_sitter-0.20.2-cp38-cp38-manylinux_2_17_i686.manylinux2014_i686.whl", hash = "sha256:e17ee83409b01fdd09021997b0c747be2f773bb2bb140ba6fb48b7e12fdd039a"},
    {file = "tree_sitter-0.20.2-cp38-cp38-manylinux_2_17_x86_64.manylinux2014_x86_64.whl", hash = "sha256:475ab841647a0d1bc1266c8978279f8e4f7b9520b9a7336d532e5dfc8910214d"},
    {file = "tree_sitter-0.20.2-cp38-cp38-musllinux_1_1_i686.whl", hash = "sha256:222350189675d9814966a5c88c6c1378a2ee2f3041c439a6f1d1ff2006f403aa"},
    {file = "tree_sitter-0.20.2-cp38-cp38-musllinux_1_1_x86_64.whl", hash = "sha256:31ea52f0deee70f2cb00aff01e40aae325a34ebe1661de274c9107322fb95f54"},
    {file = "tree_sitter-0.20.2-cp38-cp38-win32.whl", hash = "sha256:cceaf7287137cbca707006624a4a8d4b5ccbfec025793fde84d90524c2bb0946"},
    {file = "tree_sitter-0.20.2-cp38-cp38-win_amd64.whl", hash = "sha256:25b9669911f21ec2b3727bb2f4dfeff6ddb6f81898c3e968d378a660e0d7f90e"},
    {file = "tree_sitter-0.20.2-cp39-cp39-macosx_10_9_x86_64.whl", hash = "sha256:ce30a17f46a6b39a04a599dea88c127a19e3e1f43a2ad0ced71b5c032d585077"},
    {file = "tree_sitter-0.20.2-cp39-cp39-macosx_11_0_arm64.whl", hash = "sha256:e9576e8b2e663639527e01ab251b87f0bd370bfdd40515588689ebc424aec786"},
    {file = "tree_sitter-0.20.2-cp39-cp39-manylinux_2_17_i686.manylinux2014_i686.whl", hash = "sha256:d03731a498f624ce3536c821ef23b03d1ad569b3845b326a5b7149ef189d732c"},
    {file = "tree_sitter-0.20.2-cp39-cp39-manylinux_2_17_x86_64.manylinux2014_x86_64.whl", hash = "sha256:ef0116ecb163573ebaa0fc04cc99c90bd94c0be5cc4d0a1ebeb102de9cc9a054"},
    {file = "tree_sitter-0.20.2-cp39-cp39-musllinux_1_1_i686.whl", hash = "sha256:0943b00d3700f253c3ee6a53a71b9a6ca46defd9c0a33edb07a9388e70dc3a9e"},
    {file = "tree_sitter-0.20.2-cp39-cp39-musllinux_1_1_x86_64.whl", hash = "sha256:8cb566b6f0b5457148cb8310a1ca3d764edf28e47fcccfe0b167861ecaa50c12"},
    {file = "tree_sitter-0.20.2-cp39-cp39-win32.whl", hash = "sha256:4544204a24c2b4d25d1731b0df83f7c819ce87c4f2538a19724b8753815ef388"},
    {file = "tree_sitter-0.20.2-cp39-cp39-win_amd64.whl", hash = "sha256:9517b204e471d6aa59ee2232f6220f315ed5336079034d5c861a24660d6511d6"},
    {file = "tree_sitter-0.20.2-pp37-pypy37_pp73-macosx_10_9_x86_64.whl", hash = "sha256:84343678f58cb354d22ed14b627056ffb33c540cf16c35a83db4eeee8827b935"},
    {file = "tree_sitter-0.20.2-pp37-pypy37_pp73-manylinux_2_17_i686.manylinux2014_i686.whl", hash = "sha256:611a80171d8fa6833dd0c8b022714d2ea789de15a955ec42ec4fd5fcc1032edb"},
    {file = "tree_sitter-0.20.2-pp37-pypy37_pp73-manylinux_2_17_x86_64.manylinux2014_x86_64.whl", hash = "sha256:bacecfb61694c95ccee462742b3fcea50ba1baf115c42e60adf52b549ef642ce"},
    {file = "tree_sitter-0.20.2-pp37-pypy37_pp73-win_amd64.whl", hash = "sha256:f344ae94a268479456f19712736cc7398de5822dc74cca7d39538c28085721d0"},
    {file = "tree_sitter-0.20.2-pp38-pypy38_pp73-macosx_10_9_x86_64.whl", hash = "sha256:221784d7f326fe81ce7174ac5972800f58b9a7c5c48a03719cad9830c22e5a76"},
    {file = "tree_sitter-0.20.2-pp38-pypy38_pp73-manylinux_2_17_i686.manylinux2014_i686.whl", hash = "sha256:64210ed8d2a1b7e2951f6576aa0cb7be31ad06d87da26c52961318fc54c7fe77"},
    {file = "tree_sitter-0.20.2-pp38-pypy38_pp73-manylinux_2_17_x86_64.manylinux2014_x86_64.whl", hash = "sha256:2634ac73b39ceacfa431d6d95692eae7465977fa0b9e9f7ae6cb445991e829a5"},
    {file = "tree_sitter-0.20.2-pp38-pypy38_pp73-win_amd64.whl", hash = "sha256:71663a0e8230dae99d9c55e6895bd2c9e42534ec861b255775f704ae2db70c1d"},
    {file = "tree_sitter-0.20.2-pp39-pypy39_pp73-macosx_10_9_x86_64.whl", hash = "sha256:32c3e0f30b45a58d36bf6a0ec982ca3eaa23c7f924628da499b7ad22a8abad71"},
    {file = "tree_sitter-0.20.2-pp39-pypy39_pp73-manylinux_2_17_i686.manylinux2014_i686.whl", hash = "sha256:9b02e4ab2158c25f6f520c93318d562da58fa4ba53e1dbd434be008f48104980"},
    {file = "tree_sitter-0.20.2-pp39-pypy39_pp73-manylinux_2_17_x86_64.manylinux2014_x86_64.whl", hash = "sha256:10e567eb6961a1e86aebbe26a9ca07d324f8529bca90937a924f8aa0ea4dc127"},
    {file = "tree_sitter-0.20.2-pp39-pypy39_pp73-win_amd64.whl", hash = "sha256:63f8e8e69f5f25c2b565449e1b8a2aa7b6338b4f37c8658c5fbdec04858c30be"},
    {file = "tree_sitter-0.20.2.tar.gz", hash = "sha256:0a6c06abaa55de174241a476b536173bba28241d2ea85d198d33aa8bf009f028"},
]

[metadata]
lock-version = "2.0"
python-versions = "^3.11"
content-hash = "cbbc73693a0163390151f8760c86aa09507f502b609714c1b23745ba8c0ef891"
